
Microsoft Visual Studio Solution File, Format Version 12.00
# Visual Studio Version 16
VisualStudioVersion = 16.0.29806.167
MinimumVisualStudioVersion = 10.0.40219.1
Project("{2150E333-8FDC-42A3-9474-1A3956D46DE8}") = "Web", "Web", "{8608F6F9-B78B-468B-A511-CC1C47E17B74}"
EndProject
Project("{9A19103F-16F7-4668-BE54-9A1E7A4F7556}") = "CardGame.Core", "CardGame.Core\CardGame.Core.csproj", "{AF42724E-AD94-4405-AFC4-69B0ED954B12}"
EndProject
Project("{2150E333-8FDC-42A3-9474-1A3956D46DE8}") = "Core", "Core", "{F3CC93A8-5DD1-471E-BC1A-CCD587C87D24}"
EndProject
Project("{2150E333-8FDC-42A3-9474-1A3956D46DE8}") = "Solitaire", "Solitaire", "{A9CA3964-2EE4-416F-A1C7-A0A42B4FE3CE}"
EndProject
Project("{9A19103F-16F7-4668-BE54-9A1E7A4F7556}") = "CardGame.Solitaire.Console", "CardGame.Solitaire.Console\CardGame.Solitaire.Console.csproj", "{D513DC22-77D4-499D-B51E-A3926C75B969}"
EndProject
Project("{2150E333-8FDC-42A3-9474-1A3956D46DE8}") = "Test", "Test", "{CFB7D4DB-6834-41BB-98DC-E96E3DD9930B}"
EndProject
Project("{FAE04EC0-301F-11D3-BF4B-00C04F79EFBC}") = "CardGame.Test", "CardGame.Test\CardGame.Test.csproj", "{B2EAD363-FD19-40BC-82B1-078436D6B6EE}"
EndProject
Global
	GlobalSection(SolutionConfigurationPlatforms) = preSolution
		Debug|Any CPU = Debug|Any CPU
		Release|Any CPU = Release|Any CPU
	EndGlobalSection
	GlobalSection(ProjectConfigurationPlatforms) = postSolution
		{AF42724E-AD94-4405-AFC4-69B0ED954B12}.Debug|Any CPU.ActiveCfg = Debug|Any CPU
		{AF42724E-AD94-4405-AFC4-69B0ED954B12}.Debug|Any CPU.Build.0 = Debug|Any CPU
		{AF42724E-AD94-4405-AFC4-69B0ED954B12}.Release|Any CPU.ActiveCfg = Release|Any CPU
		{AF42724E-AD94-4405-AFC4-69B0ED954B12}.Release|Any CPU.Build.0 = Release|Any CPU
		{D513DC22-77D4-499D-B51E-A3926C75B969}.Debug|Any CPU.ActiveCfg = Debug|Any CPU
		{D513DC22-77D4-499D-B51E-A3926C75B969}.Debug|Any CPU.Build.0 = Debug|Any CPU
		{D513DC22-77D4-499D-B51E-A3926C75B969}.Release|Any CPU.ActiveCfg = Release|Any CPU
		{D513DC22-77D4-499D-B51E-A3926C75B969}.Release|Any CPU.Build.0 = Release|Any CPU
		{B2EAD363-FD19-40BC-82B1-078436D6B6EE}.Debug|Any CPU.ActiveCfg = Debug|Any CPU
		{B2EAD363-FD19-40BC-82B1-078436D6B6EE}.Debug|Any CPU.Build.0 = Debug|Any CPU
		{B2EAD363-FD19-40BC-82B1-078436D6B6EE}.Release|Any CPU.ActiveCfg = Release|Any CPU
		{B2EAD363-FD19-40BC-82B1-078436D6B6EE}.Release|Any CPU.Build.0 = Release|Any CPU
	EndGlobalSection
	GlobalSection(SolutionProperties) = preSolution
		HideSolutionNode = FALSE
	EndGlobalSection
	GlobalSection(NestedProjects) = preSolution
		{AF42724E-AD94-4405-AFC4-69B0ED954B12} = {F3CC93A8-5DD1-471E-BC1A-CCD587C87D24}
		{D513DC22-77D4-499D-B51E-A3926C75B969} = {A9CA3964-2EE4-416F-A1C7-A0A42B4FE3CE}
		{B2EAD363-FD19-40BC-82B1-078436D6B6EE} = {CFB7D4DB-6834-41BB-98DC-E96E3DD9930B}
	EndGlobalSection
	GlobalSection(ExtensibilityGlobals) = postSolution
		SolutionGuid = {0BDA915F-2B20-47EF-9206-3EEEBCC4203E}
	EndGlobalSection
EndGlobal
